
Microsoft Visual Studio Solution File, Format Version 12.00
# Visual Studio Version 18
VisualStudioVersion = 18.0.11222.15 d18.0
MinimumVisualStudioVersion = 10.0.40219.1
Project("{FAE04EC0-301F-11D3-BF4B-00C04F79EFBC}") = "SKCodeAssistent.AppHost", "SKCodeAssistent.AppHost\SKCodeAssistent.AppHost.csproj", "{D41EF08D-8EFC-472F-8CB2-F2D09F39689A}"
EndProject
Project("{FAE04EC0-301F-11D3-BF4B-00C04F79EFBC}") = "SKCodeAssistent.ServiceDefaults", "SKCodeAssistent.ServiceDefaults\SKCodeAssistent.ServiceDefaults.csproj", "{C84D2E75-5F94-EC4A-3848-56841477107D}"
EndProject
Project("{2150E333-8FDC-42A3-9474-1A3956D46DE8}") = "solutionItems", "solutionItems", "{02EA681E-C7D8-13C7-8484-4AC65E1B71E8}"
	ProjectSection(SolutionItems) = preProject
		Directory.Packages.props = Directory.Packages.props
	EndProjectSection
EndProject
Project("{FAE04EC0-301F-11D3-BF4B-00C04F79EFBC}") = "SKCodeAssistent.Server", "SKCodeAssistent.Server\SKCodeAssistent.Server.csproj", "{C1DB30B7-7172-C98D-5C2D-BC7E1097CA4B}"
EndProject
Project("{2150E333-8FDC-42A3-9474-1A3956D46DE8}") = "MCP", "MCP", "{3FEF5C1E-38A3-41CA-A3B8-960A292A67B0}"
EndProject
Project("{FAE04EC0-301F-11D3-BF4B-00C04F79EFBC}") = "FirstMCPServer", "FirstMCPServer\FirstMCPServer.csproj", "{E65AEB66-94C2-A1C7-4A16-736BA5B4A649}"
EndProject
Project("{2150E333-8FDC-42A3-9474-1A3956D46DE8}") = "A2A", "A2A", "{C2EBEF9E-98D5-40C4-9FCF-B34445B1E10F}"
EndProject
Project("{FAE04EC0-301F-11D3-BF4B-00C04F79EFBC}") = "A2AServer", "A2AServer\A2AServer.csproj", "{9AEE41A0-FB59-B682-9A34-3A6C2F6E0ECF}"
EndProject
Global
	GlobalSection(SolutionConfigurationPlatforms) = preSolution
		Debug|Any CPU = Debug|Any CPU
		Release|Any CPU = Release|Any CPU
	EndGlobalSection
	GlobalSection(ProjectConfigurationPlatforms) = postSolution
		{D41EF08D-8EFC-472F-8CB2-F2D09F39689A}.Debug|Any CPU.ActiveCfg = Debug|Any CPU
		{D41EF08D-8EFC-472F-8CB2-F2D09F39689A}.Debug|Any CPU.Build.0 = Debug|Any CPU
		{D41EF08D-8EFC-472F-8CB2-F2D09F39689A}.Release|Any CPU.ActiveCfg = Release|Any CPU
		{D41EF08D-8EFC-472F-8CB2-F2D09F39689A}.Release|Any CPU.Build.0 = Release|Any CPU
		{C84D2E75-5F94-EC4A-3848-56841477107D}.Debug|Any CPU.ActiveCfg = Debug|Any CPU
		{C84D2E75-5F94-EC4A-3848-56841477107D}.Debug|Any CPU.Build.0 = Debug|Any CPU
		{C84D2E75-5F94-EC4A-3848-56841477107D}.Release|Any CPU.ActiveCfg = Release|Any CPU
		{C84D2E75-5F94-EC4A-3848-56841477107D}.Release|Any CPU.Build.0 = Release|Any CPU
		{C1DB30B7-7172-C98D-5C2D-BC7E1097CA4B}.Debug|Any CPU.ActiveCfg = Debug|Any CPU
		{C1DB30B7-7172-C98D-5C2D-BC7E1097CA4B}.Debug|Any CPU.Build.0 = Debug|Any CPU
		{C1DB30B7-7172-C98D-5C2D-BC7E1097CA4B}.Release|Any CPU.ActiveCfg = Release|Any CPU
		{C1DB30B7-7172-C98D-5C2D-BC7E1097CA4B}.Release|Any CPU.Build.0 = Release|Any CPU
		{E65AEB66-94C2-A1C7-4A16-736BA5B4A649}.Debug|Any CPU.ActiveCfg = Debug|Any CPU
		{E65AEB66-94C2-A1C7-4A16-736BA5B4A649}.Debug|Any CPU.Build.0 = Debug|Any CPU
		{E65AEB66-94C2-A1C7-4A16-736BA5B4A649}.Release|Any CPU.ActiveCfg = Release|Any CPU
		{E65AEB66-94C2-A1C7-4A16-736BA5B4A649}.Release|Any CPU.Build.0 = Release|Any CPU
		{9AEE41A0-FB59-B682-9A34-3A6C2F6E0ECF}.Debug|Any CPU.ActiveCfg = Debug|Any CPU
		{9AEE41A0-FB59-B682-9A34-3A6C2F6E0ECF}.Debug|Any CPU.Build.0 = Debug|Any CPU
		{9AEE41A0-FB59-B682-9A34-3A6C2F6E0ECF}.Release|Any CPU.ActiveCfg = Release|Any CPU
		{9AEE41A0-FB59-B682-9A34-3A6C2F6E0ECF}.Release|Any CPU.Build.0 = Release|Any CPU
	EndGlobalSection
	GlobalSection(SolutionProperties) = preSolution
		HideSolutionNode = FALSE
	EndGlobalSection
	GlobalSection(NestedProjects) = preSolution
		{E65AEB66-94C2-A1C7-4A16-736BA5B4A649} = {3FEF5C1E-38A3-41CA-A3B8-960A292A67B0}
		{9AEE41A0-FB59-B682-9A34-3A6C2F6E0ECF} = {C2EBEF9E-98D5-40C4-9FCF-B34445B1E10F}
	EndGlobalSection
	GlobalSection(ExtensibilityGlobals) = postSolution
		SolutionGuid = {74EDCE49-0F4B-49D2-B725-F8B1F7361FC3}
	EndGlobalSection
EndGlobal
